# This file is automatically @generated by Poetry 2.2.1 and should not be changed by hand.

[[package]]
name = "chardet"
version = "5.0.0"
description = "Universal encoding detector for Python 3"
optional = false
python-versions = ">=3.6"
groups = ["main"]
markers = "python_version == \"3.9\""
files = [
    {file = "chardet-5.0.0-py3-none-any.whl", hash = "sha256:d3e64f022d254183001eccc5db4040520c0f23b1a3f33d6413e099eb7f126557"},
    {file = "chardet-5.0.0.tar.gz", hash = "sha256:0368df2bfd78b5fc20572bb4e9bb7fb53e2c094f60ae9993339e8671d0afb8aa"},
]

[[package]]
name = "chardet"
version = "6.0.0.post1"
description = "Universal encoding detector for Python 3"
optional = false
python-versions = ">=3.10"
groups = ["main"]
markers = "python_version >= \"3.10\""
files = [
    {file = "chardet-6.0.0.post1-py3-none-any.whl", hash = "sha256:c894a36800549adf7bb5f2af47033281b75fdfcd2aa0f0243be0ad22a52e2dcb"},
    {file = "chardet-6.0.0.post1.tar.gz", hash = "sha256:6b78048c3c97c7b2ed1fbad7a18f76f5a6547f7d34dbab536cc13887c9a92fa4"},
]

[metadata]
lock-version = "2.1"
python-versions = ">=3.9"
content-hash = "0292bf38825c737d3c09e6fd4c6809ba4757d5866e6cf93d00344faf57c1e394"
